{
  "name": "parts-CommonJS_To_ESModules",
  "version": "1.0.0",
  "lockfileVersion": 1,
  "requires": true,
  "dependencies": {
    "@standard-software/parts": {
      "version": "5.8.1",
      "resolved": "https://registry.npmjs.org/@standard-software/parts/-/parts-5.8.1.tgz",
      "integrity": "sha512-Pb35ez6J7qdUhdNH5DXVa/72BNUCgwWOOp8fK4BJzJtknVbqZkcoxOq401BcEpXQP7jhqPp/KKhigI/OacKI6w=="
    }
  }
}
